
Microsoft Visual Studio Solution File, Format Version 12.00
# Visual Studio 15
VisualStudioVersion = 15.0.27428.2015
MinimumVisualStudioVersion = 10.0.40219.1
Project("{FAE04EC0-301F-11D3-BF4B-00C04F79EFBC}") = "AlvoCifras", "AlvoCifras\AlvoCifras.csproj", "{016DFA93-5852-46CF-A56C-3D66A0B4BACE}"
EndProject
Global
	GlobalSection(SolutionConfigurationPlatforms) = preSolution
		Debug|Any CPU = Debug|Any CPU
		Release|Any CPU = Release|Any CPU
	EndGlobalSection
	GlobalSection(ProjectConfigurationPlatforms) = postSolution
		{016DFA93-5852-46CF-A56C-3D66A0B4BACE}.Debug|Any CPU.ActiveCfg = Debug|Any CPU
		{016DFA93-5852-46CF-A56C-3D66A0B4BACE}.Debug|Any CPU.Build.0 = Debug|Any CPU
		{016DFA93-5852-46CF-A56C-3D66A0B4BACE}.Release|Any CPU.ActiveCfg = Release|Any CPU
		{016DFA93-5852-46CF-A56C-3D66A0B4BACE}.Release|Any CPU.Build.0 = Release|Any CPU
	EndGlobalSection
	GlobalSection(SolutionProperties) = preSolution
		HideSolutionNode = FALSE
	EndGlobalSection
	GlobalSection(ExtensibilityGlobals) = postSolution
		SolutionGuid = {7B303B26-8501-4FA9-A683-882B4741A1A3}
	EndGlobalSection
EndGlobal
